// !$*UTF8*$!
{
	archiveVersion = 1;
	classes = {
	};
	objectVersion = 46;
	objects = {

/* Begin PBXBuildFile section */
		28497CDD82B715FD6964CE71B51E76D5 /* Foundation.framework in Frameworks */ = {isa = PBXBuildFile; fileRef = 6604A7D69453B4569E4E4827FB9155A9 /* Foundation.framework */; };
		64816ED9702A4174310F573FA6EF2A32 /* Pods-Movi Rosario-dummy.m in Sources */ = {isa = PBXBuildFile; fileRef = D9FD93371953A534C14CEDF02F281A57 /* Pods-Movi Rosario-dummy.m */; };
/* End PBXBuildFile section */

/* Begin PBXFileReference section */
		01939C3477D32D98A6C444F7FAC0277C /* Pods-Movi Rosario.release.xcconfig */ = {isa = PBXFileReference; includeInIndex = 1; lastKnownFileType = text.xcconfig; path = "Pods-Movi Rosario.release.xcconfig"; sourceTree = "<group>"; };
		036AD7124D090A220C3B3C2364C327AB /* Pods-Movi Rosario-acknowledgements.markdown */ = {isa = PBXFileReference; includeInIndex = 1; lastKnownFileType = text; path = "Pods-Movi Rosario-acknowledgements.markdown"; sourceTree = "<group>"; };
		239E0D1F35BA1B57F458435AE683DF9C /* GoogleMapsBase.framework */ = {isa = PBXFileReference; lastKnownFileType = wrapper.framework; name = GoogleMapsBase.framework; path = Base/Frameworks/GoogleMapsBase.framework; sourceTree = "<group>"; };
		241B9E7176BBFAE5776D72D8425CA6B1 /* libPods-Movi Rosario.a */ = {isa = PBXFileReference; explicitFileType = archive.ar; includeInIndex = 0; name = "libPods-Movi Rosario.a"; path = "libPods-Movi Rosario.a"; sourceTree = BUILT_PRODUCTS_DIR; };
		25E9DAA949C220F622581C4888DF4B4C /* Pods-Movi Rosario-acknowledgements.plist */ = {isa = PBXFileReference; includeInIndex = 1; lastKnownFileType = text.plist.xml; path = "Pods-Movi Rosario-acknowledgements.plist"; sourceTree = "<group>"; };
		279F2BC036C195E577D3480816C982A0 /* GoogleMapsCore.framework */ = {isa = PBXFileReference; lastKnownFileType = wrapper.framework; name = GoogleMapsCore.framework; path = Maps/Frameworks/GoogleMapsCore.framework; sourceTree = "<group>"; };
		3537C80C819BCC684800A8E960C7693C /* TwitterShareExtensionUIResources.bundle */ = {isa = PBXFileReference; includeInIndex = 1; lastKnownFileType = "wrapper.plug-in"; name = TwitterShareExtensionUIResources.bundle; path = iOS/TwitterKit.framework/TwitterShareExtensionUIResources.bundle; sourceTree = "<group>"; };
		36525E191CEC78B6588737713875C9A8 /* Pods-Movi Rosario-frameworks.sh */ = {isa = PBXFileReference; includeInIndex = 1; lastKnownFileType = text.script.sh; path = "Pods-Movi Rosario-frameworks.sh"; sourceTree = "<group>"; };
		5E6299F1B20B0C7F1A162086BAC16B02 /* TwitterCore.framework */ = {isa = PBXFileReference; lastKnownFileType = wrapper.framework; name = TwitterCore.framework; path = iOS/TwitterCore.framework; sourceTree = "<group>"; };
		6604A7D69453B4569E4E4827FB9155A9 /* Foundation.framework */ = {isa = PBXFileReference; lastKnownFileType = wrapper.framework; name = Foundation.framework; path = Platforms/iPhoneOS.platform/Developer/SDKs/iPhoneOS10.3.sdk/System/Library/Frameworks/Foundation.framework; sourceTree = DEVELOPER_DIR; };
		6E5146656495711D13D671AA752C814E /* GooglePlaces.bundle */ = {isa = PBXFileReference; includeInIndex = 1; lastKnownFileType = "wrapper.plug-in"; name = GooglePlaces.bundle; path = Frameworks/GooglePlaces.framework/Resources/GooglePlaces.bundle; sourceTree = "<group>"; };
		93A4A3777CF96A4AAC1D13BA6DCCEA73 /* Podfile */ = {isa = PBXFileReference; explicitFileType = text.script.ruby; includeInIndex = 1; lastKnownFileType = text; name = Podfile; path = ../Podfile; sourceTree = SOURCE_ROOT; xcLanguageSpecificationIdentifier = xcode.lang.ruby; };
		9427854622E3AF7A882CDD9680CE7BC4 /* GooglePlaces.framework */ = {isa = PBXFileReference; lastKnownFileType = wrapper.framework; name = GooglePlaces.framework; path = Frameworks/GooglePlaces.framework; sourceTree = "<group>"; };
		95E8ADBBE3A14D310D520A496066C380 /* TwitterKitResources.bundle */ = {isa = PBXFileReference; includeInIndex = 1; lastKnownFileType = "wrapper.plug-in"; name = TwitterKitResources.bundle; path = iOS/TwitterKit.framework/TwitterKitResources.bundle; sourceTree = "<group>"; };
		BC350360AE29F6E81ECE133DA282E845 /* GoogleMaps.framework */ = {isa = PBXFileReference; lastKnownFileType = wrapper.framework; name = GoogleMaps.framework; path = Maps/Frameworks/GoogleMaps.framework; sourceTree = "<group>"; };
		C707D0B2436B44460F3BC59902013158 /* TwitterKit.framework */ = {isa = PBXFileReference; lastKnownFileType = wrapper.framework; name = TwitterKit.framework; path = iOS/TwitterKit.framework; sourceTree = "<group>"; };
		D9FD93371953A534C14CEDF02F281A57 /* Pods-Movi Rosario-dummy.m */ = {isa = PBXFileReference; includeInIndex = 1; lastKnownFileType = sourcecode.c.objc; path = "Pods-Movi Rosario-dummy.m"; sourceTree = "<group>"; };
		F16E6DB665CF0B9238DAC322A818AAD0 /* GoogleMaps.bundle */ = {isa = PBXFileReference; includeInIndex = 1; lastKnownFileType = "wrapper.plug-in"; name = GoogleMaps.bundle; path = Maps/Frameworks/GoogleMaps.framework/Resources/GoogleMaps.bundle; sourceTree = "<group>"; };
		F2503CFD3C39888FF581DB930735D0FD /* Pods-Movi Rosario.debug.xcconfig */ = {isa = PBXFileReference; includeInIndex = 1; lastKnownFileType = text.xcconfig; path = "Pods-Movi Rosario.debug.xcconfig"; sourceTree = "<group>"; };
		FA3DFFFD6634D5D44C784C8B05A9829B /* Pods-Movi Rosario-resources.sh */ = {isa = PBXFileReference; includeInIndex = 1; lastKnownFileType = text.script.sh; path = "Pods-Movi Rosario-resources.sh"; sourceTree = "<group>"; };
/* End PBXFileReference section */

/* Begin PBXFrameworksBuildPhase section */
		F5037683AC2596181C5BB1ABF771BD3E /* Frameworks */ = {
			isa = PBXFrameworksBuildPhase;
			buildActionMask = 2147483647;
			files = (
				28497CDD82B715FD6964CE71B51E76D5 /* Foundation.framework in Frameworks */,
			);
			runOnlyForDeploymentPostprocessing = 0;
		};
/* End PBXFrameworksBuildPhase section */

/* Begin PBXGroup section */
		044218E65AD2B05D673EF8446A6B8CE8 /* Maps */ = {
			isa = PBXGroup;
			children = (
				3DC4FF3DF1BAEFFB9FB6AAC600BFA2EF /* Frameworks */,
				4F668E38CCEB2CC96699F459E7177BB2 /* Resources */,
			);
			name = Maps;
			sourceTree = "<group>";
		};
		1766A7BDB25DF4FAC3B02CF964A8B2EB /* Pods-Movi Rosario */ = {
			isa = PBXGroup;
			children = (
				036AD7124D090A220C3B3C2364C327AB /* Pods-Movi Rosario-acknowledgements.markdown */,
				25E9DAA949C220F622581C4888DF4B4C /* Pods-Movi Rosario-acknowledgements.plist */,
				D9FD93371953A534C14CEDF02F281A57 /* Pods-Movi Rosario-dummy.m */,
				36525E191CEC78B6588737713875C9A8 /* Pods-Movi Rosario-frameworks.sh */,
				FA3DFFFD6634D5D44C784C8B05A9829B /* Pods-Movi Rosario-resources.sh */,
				F2503CFD3C39888FF581DB930735D0FD /* Pods-Movi Rosario.debug.xcconfig */,
				01939C3477D32D98A6C444F7FAC0277C /* Pods-Movi Rosario.release.xcconfig */,
			);
			name = "Pods-Movi Rosario";
			path = "Target Support Files/Pods-Movi Rosario";
			sourceTree = "<group>";
		};
		2848B3176AF725F659B7F92986689AB6 /* Resources */ = {
			isa = PBXGroup;
			children = (
				6E5146656495711D13D671AA752C814E /* GooglePlaces.bundle */,
			);
			name = Resources;
			sourceTree = "<group>";
		};
		2BAF26C80DDEA9DCC29EECBFC5A338D4 /* GooglePlaces */ = {
			isa = PBXGroup;
			children = (
				79E54D478036416CC0ED81BC1D250369 /* Frameworks */,
				2848B3176AF725F659B7F92986689AB6 /* Resources */,
			);
			name = GooglePlaces;
			path = GooglePlaces;
			sourceTree = "<group>";
		};
		2BB318720681C7A6DBF2DD5FBEED0970 /* Frameworks */ = {
			isa = PBXGroup;
			children = (
				C707D0B2436B44460F3BC59902013158 /* TwitterKit.framework */,
			);
			name = Frameworks;
			sourceTree = "<group>";
		};
		3DC4FF3DF1BAEFFB9FB6AAC600BFA2EF /* Frameworks */ = {
			isa = PBXGroup;
			children = (
				BC350360AE29F6E81ECE133DA282E845 /* GoogleMaps.framework */,
				279F2BC036C195E577D3480816C982A0 /* GoogleMapsCore.framework */,
			);
			name = Frameworks;
			sourceTree = "<group>";
		};
		4EF51C478D633054BE649F7C261B1836 /* Resources */ = {
			isa = PBXGroup;
			children = (
				95E8ADBBE3A14D310D520A496066C380 /* TwitterKitResources.bundle */,
				3537C80C819BCC684800A8E960C7693C /* TwitterShareExtensionUIResources.bundle */,
			);
			name = Resources;
			sourceTree = "<group>";
		};
		4F668E38CCEB2CC96699F459E7177BB2 /* Resources */ = {
			isa = PBXGroup;
			children = (
				F16E6DB665CF0B9238DAC322A818AAD0 /* GoogleMaps.bundle */,
			);
			name = Resources;
			sourceTree = "<group>";
		};
		525A2C97163ECD378E176FE52E7B1B7C /* GoogleMaps */ = {
			isa = PBXGroup;
			children = (
				8010885CAD10CEB44D35ED005715A846 /* Base */,
				044218E65AD2B05D673EF8446A6B8CE8 /* Maps */,
			);
			name = GoogleMaps;
			path = GoogleMaps;
			sourceTree = "<group>";
		};
		64D55F9E7D2556AE61A08554CF6E5CA6 /* Pods */ = {
			isa = PBXGroup;
			children = (
				525A2C97163ECD378E176FE52E7B1B7C /* GoogleMaps */,
				2BAF26C80DDEA9DCC29EECBFC5A338D4 /* GooglePlaces */,
				C067D9C66B78A5AFAD4F709470B745C7 /* TwitterCore */,
				CF684CF25A6396A638C5EB26B4B8FD75 /* TwitterKit */,
			);
			name = Pods;
			sourceTree = "<group>";
		};
		7148590180D55BC5D65D4E47F9812671 /* Targets Support Files */ = {
			isa = PBXGroup;
			children = (
				1766A7BDB25DF4FAC3B02CF964A8B2EB /* Pods-Movi Rosario */,
			);
			name = "Targets Support Files";
			sourceTree = "<group>";
		};
		734EDFEFC0FC4E5E80B481E43BB85E02 /* Frameworks */ = {
			isa = PBXGroup;
			children = (
				239E0D1F35BA1B57F458435AE683DF9C /* GoogleMapsBase.framework */,
			);
			name = Frameworks;
			sourceTree = "<group>";
		};
		79E54D478036416CC0ED81BC1D250369 /* Frameworks */ = {
			isa = PBXGroup;
			children = (
				9427854622E3AF7A882CDD9680CE7BC4 /* GooglePlaces.framework */,
			);
			name = Frameworks;
			sourceTree = "<group>";
		};
		7DB346D0F39D3F0E887471402A8071AB = {
			isa = PBXGroup;
			children = (
				93A4A3777CF96A4AAC1D13BA6DCCEA73 /* Podfile */,
				BC3CA7F9E30CC8F7E2DD044DD34432FC /* Frameworks */,
				64D55F9E7D2556AE61A08554CF6E5CA6 /* Pods */,
				EC216D8963375D62BCD76B5C37CE73FD /* Products */,
				7148590180D55BC5D65D4E47F9812671 /* Targets Support Files */,
			);
			sourceTree = "<group>";
		};
		8010885CAD10CEB44D35ED005715A846 /* Base */ = {
			isa = PBXGroup;
			children = (
				734EDFEFC0FC4E5E80B481E43BB85E02 /* Frameworks */,
			);
			name = Base;
			sourceTree = "<group>";
		};
		8F38C8A78596E350F5CF95159F071DDF /* Frameworks */ = {
			isa = PBXGroup;
			children = (
				5E6299F1B20B0C7F1A162086BAC16B02 /* TwitterCore.framework */,
			);
			name = Frameworks;
			sourceTree = "<group>";
		};
		BC3CA7F9E30CC8F7E2DD044DD34432FC /* Frameworks */ = {
			isa = PBXGroup;
			children = (
				D35AF013A5F0BAD4F32504907A52519E /* iOS */,
			);
			name = Frameworks;
			sourceTree = "<group>";
		};
		C067D9C66B78A5AFAD4F709470B745C7 /* TwitterCore */ = {
			isa = PBXGroup;
			children = (
				8F38C8A78596E350F5CF95159F071DDF /* Frameworks */,
			);
			name = TwitterCore;
			path = TwitterCore;
			sourceTree = "<group>";
		};
		CF684CF25A6396A638C5EB26B4B8FD75 /* TwitterKit */ = {
			isa = PBXGroup;
			children = (
				2BB318720681C7A6DBF2DD5FBEED0970 /* Frameworks */,
				4EF51C478D633054BE649F7C261B1836 /* Resources */,
			);
			name = TwitterKit;
			path = TwitterKit;
			sourceTree = "<group>";
		};
		D35AF013A5F0BAD4F32504907A52519E /* iOS */ = {
			isa = PBXGroup;
			children = (
				6604A7D69453B4569E4E4827FB9155A9 /* Foundation.framework */,
			);
			name = iOS;
			sourceTree = "<group>";
		};
		EC216D8963375D62BCD76B5C37CE73FD /* Products */ = {
			isa = PBXGroup;
			children = (
				241B9E7176BBFAE5776D72D8425CA6B1 /* libPods-Movi Rosario.a */,
			);
			name = Products;
			sourceTree = "<group>";
		};
/* End PBXGroup section */

/* Begin PBXNativeTarget section */
		A2548AF30662C599A733912B8EFA629C /* Pods-Movi Rosario */ = {
			isa = PBXNativeTarget;
			buildConfigurationList = D5EEA3CE816C1668C8478AD1AF276E97 /* Build configuration list for PBXNativeTarget "Pods-Movi Rosario" */;
			buildPhases = (
				FFF525A9B432C7408EA782C417662E4E /* Sources */,
				F5037683AC2596181C5BB1ABF771BD3E /* Frameworks */,
			);
			buildRules = (
			);
			dependencies = (
			);
			name = "Pods-Movi Rosario";
			productName = "Pods-Movi Rosario";
			productReference = 241B9E7176BBFAE5776D72D8425CA6B1 /* libPods-Movi Rosario.a */;
			productType = "com.apple.product-type.library.static";
		};
/* End PBXNativeTarget section */

/* Begin PBXProject section */
		D41D8CD98F00B204E9800998ECF8427E /* Project object */ = {
			isa = PBXProject;
			attributes = {
				LastSwiftUpdateCheck = 0830;
				LastUpgradeCheck = 0700;
			};
			buildConfigurationList = 2D8E8EC45A3A1A1D94AE762CB5028504 /* Build configuration list for PBXProject "Pods" */;
			compatibilityVersion = "Xcode 3.2";
			developmentRegion = English;
			hasScannedForEncodings = 0;
			knownRegions = (
				en,
			);
			mainGroup = 7DB346D0F39D3F0E887471402A8071AB;
			productRefGroup = EC216D8963375D62BCD76B5C37CE73FD /* Products */;
			projectDirPath = "";
			projectRoot = "";
			targets = (
				A2548AF30662C599A733912B8EFA629C /* Pods-Movi Rosario */,
			);
		};
/* End PBXProject section */

/* Begin PBXSourcesBuildPhase section */
		FFF525A9B432C7408EA782C417662E4E /* Sources */ = {
			isa = PBXSourcesBuildPhase;
			buildActionMask = 2147483647;
			files = (
				64816ED9702A4174310F573FA6EF2A32 /* Pods-Movi Rosario-dummy.m in Sources */,
			);
			runOnlyForDeploymentPostprocessing = 0;
		};
/* End PBXSourcesBuildPhase section */

/* Begin XCBuildConfiguration section */
		12C4B864767C59600DBFA238F1E2F8BC /* Release */ = {
			isa = XCBuildConfiguration;
			buildSettings = {
				ALWAYS_SEARCH_USER_PATHS = NO;
				CLANG_ANALYZER_NONNULL = YES;
				CLANG_ANALYZER_NUMBER_OBJECT_CONVERSION = YES_AGGRESSIVE;
				CLANG_CXX_LANGUAGE_STANDARD = "gnu++14";
				CLANG_CXX_LIBRARY = "libc++";
				CLANG_ENABLE_MODULES = YES;
				CLANG_ENABLE_OBJC_ARC = YES;
				CLANG_WARN_BLOCK_CAPTURE_AUTORELEASING = YES;
				CLANG_WARN_BOOL_CONVERSION = YES;
				CLANG_WARN_COMMA = YES;
				CLANG_WARN_CONSTANT_CONVERSION = YES;
				CLANG_WARN_DIRECT_OBJC_ISA_USAGE = YES_ERROR;
				CLANG_WARN_DOCUMENTATION_COMMENTS = YES;
				CLANG_WARN_EMPTY_BODY = YES;
				CLANG_WARN_ENUM_CONVERSION = YES;
				CLANG_WARN_INFINITE_RECURSION = YES;
				CLANG_WARN_INT_CONVERSION = YES;
				CLANG_WARN_NON_LITERAL_NULL_CONVERSION = YES;
				CLANG_WARN_OBJC_LITERAL_CONVERSION = YES;
				CLANG_WARN_OBJC_ROOT_CLASS = YES_ERROR;
				CLANG_WARN_RANGE_LOOP_ANALYSIS = YES;
				CLANG_WARN_STRICT_PROTOTYPES = YES;
				CLANG_WARN_SUSPICIOUS_MOVE = YES;
				CLANG_WARN_UNGUARDED_AVAILABILITY = YES_AGGRESSIVE;
				CLANG_WARN_UNREACHABLE_CODE = YES;
				CLANG_WARN__DUPLICATE_METHOD_MATCH = YES;
				CODE_SIGNING_REQUIRED = NO;
				COPY_PHASE_STRIP = NO;
				DEBUG_INFORMATION_FORMAT = "dwarf-with-dsym";
				ENABLE_NS_ASSERTIONS = NO;
				ENABLE_STRICT_OBJC_MSGSEND = YES;
				GCC_C_LANGUAGE_STANDARD = gnu11;
				GCC_NO_COMMON_BLOCKS = YES;
				GCC_PREPROCESSOR_DEFINITIONS = (
					"POD_CONFIGURATION_RELEASE=1",
					"$(inherited)",
				);
				GCC_WARN_64_TO_32_BIT_CONVERSION = YES;
				GCC_WARN_ABOUT_RETURN_TYPE = YES_ERROR;
				GCC_WARN_UNDECLARED_SELECTOR = YES;
				GCC_WARN_UNINITIALIZED_AUTOS = YES_AGGRESSIVE;
				GCC_WARN_UNUSED_FUNCTION = YES;
				GCC_WARN_UNUSED_VARIABLE = YES;
				IPHONEOS_DEPLOYMENT_TARGET = 11.0;
				MTL_ENABLE_DEBUG_INFO = NO;
				PRODUCT_NAME = "$(TARGET_NAME)";
				PROVISIONING_PROFILE_SPECIFIER = NO_SIGNING/;
				STRIP_INSTALLED_PRODUCT = NO;
				SYMROOT = "${SRCROOT}/../build";
			};
			name = Release;
		};
		1F32ACB520B7E5461209402BCCEDD1E9 /* Release */ = {
			isa = XCBuildConfiguration;
			baseConfigurationReference = 01939C3477D32D98A6C444F7FAC0277C /* Pods-Movi Rosario.release.xcconfig */;
			buildSettings = {
				CODE_SIGN_IDENTITY = "iPhone Developer";
				"CODE_SIGN_IDENTITY[sdk=appletvos*]" = "";
				"CODE_SIGN_IDENTITY[sdk=iphoneos*]" = "";
				"CODE_SIGN_IDENTITY[sdk=watchos*]" = "";
				IPHONEOS_DEPLOYMENT_TARGET = 11.0;
				MACH_O_TYPE = staticlib;
				OTHER_LDFLAGS = "";
				OTHER_LIBTOOLFLAGS = "";
				PODS_ROOT = "$(SRCROOT)";
				PRODUCT_BUNDLE_IDENTIFIER = "org.cocoapods.${PRODUCT_NAME:rfc1034identifier}";
				SDKROOT = iphoneos;
				SKIP_INSTALL = YES;
				TARGETED_DEVICE_FAMILY = "1,2";
				VALIDATE_PRODUCT = YES;
			};
			name = Release;
		};
		59F0302F2371FCC6B73EF0A418D40734 /* Debug */ = {
			isa = XCBuildConfiguration;
			buildSettings = {
				ALWAYS_SEARCH_USER_PATHS = NO;
				CLANG_ANALYZER_NONNULL = YES;
				CLANG_ANALYZER_NUMBER_OBJECT_CONVERSION = YES_AGGRESSIVE;
				CLANG_CXX_LANGUAGE_STANDARD = "gnu++14";
				CLANG_CXX_LIBRARY = "libc++";
				CLANG_ENABLE_MODULES = YES;
				CLANG_ENABLE_OBJC_ARC = YES;
				CLANG_WARN_BLOCK_CAPTURE_AUTORELEASING = YES;
				CLANG_WARN_BOOL_CONVERSION = YES;
				CLANG_WARN_COMMA = YES;
				CLANG_WARN_CONSTANT_CONVERSION = YES;
				CLANG_WARN_DIRECT_OBJC_ISA_USAGE = YES_ERROR;
				CLANG_WARN_DOCUMENTATION_COMMENTS = YES;
				CLANG_WARN_EMPTY_BODY = YES;
				CLANG_WARN_ENUM_CONVERSION = YES;
				CLANG_WARN_INFINITE_RECURSION = YES;
				CLANG_WARN_INT_CONVERSION = YES;
				CLANG_WARN_NON_LITERAL_NULL_CONVERSION = YES;
				CLANG_WARN_OBJC_LITERAL_CONVERSION = YES;
				CLANG_WARN_OBJC_ROOT_CLASS = YES_ERROR;
				CLANG_WARN_RANGE_LOOP_ANALYSIS = YES;
				CLANG_WARN_STRICT_PROTOTYPES = YES;
				CLANG_WARN_SUSPICIOUS_MOVE = YES;
				CLANG_WARN_UNGUARDED_AVAILABILITY = YES_AGGRESSIVE;
				CLANG_WARN_UNREACHABLE_CODE = YES;
				CLANG_WARN__DUPLICATE_METHOD_MATCH = YES;
				CODE_SIGNING_REQUIRED = NO;
				COPY_PHASE_STRIP = NO;
				DEBUG_INFORMATION_FORMAT = dwarf;
				ENABLE_STRICT_OBJC_MSGSEND = YES;
				ENABLE_TESTABILITY = YES;
				GCC_C_LANGUAGE_STANDARD = gnu11;
				GCC_DYNAMIC_NO_PIC = NO;
				GCC_NO_COMMON_BLOCKS = YES;
				GCC_OPTIMIZATION_LEVEL = 0;
				GCC_PREPROCESSOR_DEFINITIONS = (
					"POD_CONFIGURATION_DEBUG=1",
					"DEBUG=1",
					"$(inherited)",
				);
				GCC_WARN_64_TO_32_BIT_CONVERSION = YES;
				GCC_WARN_ABOUT_RETURN_TYPE = YES_ERROR;
				GCC_WARN_UNDECLARED_SELECTOR = YES;
				GCC_WARN_UNINITIALIZED_AUTOS = YES_AGGRESSIVE;
				GCC_WARN_UNUSED_FUNCTION = YES;
				GCC_WARN_UNUSED_VARIABLE = YES;
				IPHONEOS_DEPLOYMENT_TARGET = 11.0;
				MTL_ENABLE_DEBUG_INFO = YES;
				ONLY_ACTIVE_ARCH = YES;
				PRODUCT_NAME = "$(TARGET_NAME)";
				PROVISIONING_PROFILE_SPECIFIER = NO_SIGNING/;
				STRIP_INSTALLED_PRODUCT = NO;
				SWIFT_ACTIVE_COMPILATION_CONDITIONS = DEBUG;
				SYMROOT = "${SRCROOT}/../build";
			};
			name = Debug;
		};
		A8DE255FBF5DE773E2A1D6840D2100C1 /* Debug */ = {
			isa = XCBuildConfiguration;
			baseConfigurationReference = F2503CFD3C39888FF581DB930735D0FD /* Pods-Movi Rosario.debug.xcconfig */;
			buildSettings = {
				CODE_SIGN_IDENTITY = "iPhone Developer";
				"CODE_SIGN_IDENTITY[sdk=appletvos*]" = "";
				"CODE_SIGN_IDENTITY[sdk=iphoneos*]" = "";
				"CODE_SIGN_IDENTITY[sdk=watchos*]" = "";
				IPHONEOS_DEPLOYMENT_TARGET = 11.0;
				MACH_O_TYPE = staticlib;
				OTHER_LDFLAGS = "";
				OTHER_LIBTOOLFLAGS = "";
				PODS_ROOT = "$(SRCROOT)";
				PRODUCT_BUNDLE_IDENTIFIER = "org.cocoapods.${PRODUCT_NAME:rfc1034identifier}";
				SDKROOT = iphoneos;
				SKIP_INSTALL = YES;
				TARGETED_DEVICE_FAMILY = "1,2";
			};
			name = Debug;
		};
/* End XCBuildConfiguration section */

/* Begin XCConfigurationList section */
		2D8E8EC45A3A1A1D94AE762CB5028504 /* Build configuration list for PBXProject "Pods" */ = {
			isa = XCConfigurationList;
			buildConfigurations = (
				59F0302F2371FCC6B73EF0A418D40734 /* Debug */,
				12C4B864767C59600DBFA238F1E2F8BC /* Release */,
			);
			defaultConfigurationIsVisible = 0;
			defaultConfigurationName = Release;
		};
		D5EEA3CE816C1668C8478AD1AF276E97 /* Build configuration list for PBXNativeTarget "Pods-Movi Rosario" */ = {
			isa = XCConfigurationList;
			buildConfigurations = (
				A8DE255FBF5DE773E2A1D6840D2100C1 /* Debug */,
				1F32ACB520B7E5461209402BCCEDD1E9 /* Release */,
			);
			defaultConfigurationIsVisible = 0;
			defaultConfigurationName = Release;
		};
/* End XCConfigurationList section */
	};
	rootObject = D41D8CD98F00B204E9800998ECF8427E /* Project object */;
}
